
Microsoft Visual Studio Solution File, Format Version 12.00
# Visual Studio Version 17
VisualStudioVersion = 17.2.32630.192
MinimumVisualStudioVersion = 10.0.40219.1
Project("{FAE04EC0-301F-11D3-BF4B-00C04F79EFBC}") = "DocsGenius", "DocsGenius\DocsGenius.csproj", "{213DE409-3645-4BD9-9AB4-DD931A909E03}"
EndProject
Global
	GlobalSection(SolutionConfigurationPlatforms) = preSolution
		Debug|Any CPU = Debug|Any CPU
		Release|Any CPU = Release|Any CPU
	EndGlobalSection
	GlobalSection(ProjectConfigurationPlatforms) = postSolution
		{213DE409-3645-4BD9-9AB4-DD931A909E03}.Debug|Any CPU.ActiveCfg = Debug|Any CPU
		{213DE409-3645-4BD9-9AB4-DD931A909E03}.Debug|Any CPU.Build.0 = Debug|Any CPU
		{213DE409-3645-4BD9-9AB4-DD931A909E03}.Release|Any CPU.ActiveCfg = Release|Any CPU
		{213DE409-3645-4BD9-9AB4-DD931A909E03}.Release|Any CPU.Build.0 = Release|Any CPU
	EndGlobalSection
	GlobalSection(SolutionProperties) = preSolution
		HideSolutionNode = FALSE
	EndGlobalSection
	GlobalSection(ExtensibilityGlobals) = postSolution
		SolutionGuid = {C24DDCD3-C2C7-42E3-B870-7F4A69CC0BDD}
	EndGlobalSection
EndGlobal
